
Microsoft Visual Studio Solution File, Format Version 12.00
# Visual Studio 2012
Project("{FAE04EC0-301F-11D3-BF4B-00C04F79EFBC}") = "SelectiveAttention", "SelectiveAttention.csproj", "{BC6C44CE-75E5-4481-992D-34B37224EEB9}"
EndProject
Global
	GlobalSection(SolutionConfigurationPlatforms) = preSolution
		Debug|iPhoneSimulator = Debug|iPhoneSimulator
		Release|iPhone = Release|iPhone
		Release|iPhoneSimulator = Release|iPhoneSimulator
		Debug|iPhone = Debug|iPhone
	EndGlobalSection
	GlobalSection(ProjectConfigurationPlatforms) = postSolution
		{BC6C44CE-75E5-4481-992D-34B37224EEB9}.Debug|iPhone.ActiveCfg = Debug|iPhone
		{BC6C44CE-75E5-4481-992D-34B37224EEB9}.Debug|iPhone.Build.0 = Debug|iPhone
		{BC6C44CE-75E5-4481-992D-34B37224EEB9}.Debug|iPhoneSimulator.ActiveCfg = Debug|iPhoneSimulator
		{BC6C44CE-75E5-4481-992D-34B37224EEB9}.Debug|iPhoneSimulator.Build.0 = Debug|iPhoneSimulator
		{BC6C44CE-75E5-4481-992D-34B37224EEB9}.Release|iPhone.ActiveCfg = Release|iPhone
		{BC6C44CE-75E5-4481-992D-34B37224EEB9}.Release|iPhone.Build.0 = Release|iPhone
		{BC6C44CE-75E5-4481-992D-34B37224EEB9}.Release|iPhoneSimulator.ActiveCfg = Release|iPhoneSimulator
		{BC6C44CE-75E5-4481-992D-34B37224EEB9}.Release|iPhoneSimulator.Build.0 = Release|iPhoneSimulator
	EndGlobalSection
EndGlobal
